# THIS IS AN AUTOGENERATED FILE. DO NOT EDIT THIS FILE DIRECTLY
# generate-deploy.lock

version: 2.5.0
commit_hash: 301609ae8c59b24f1f9d43c1d34969eeae90c88c
tree:
  name: deploy
  children:
    - name: .gitignore
      size: 56
      extension: ''
      type: file
      hash: 0028cc63f2404a88f186314acb79060f4209d2c3
      relative: ./.gitignore
    - name: deploy-all.sh
      size: 527
      extension: .sh
      type: file
      hash: 3d68b74ff156168e2de1a77e27aa97f75c9e8792
      relative: ./deploy-all.sh
    - name: deploy.sh
      size: 11836
      extension: .sh
      type: file
      hash: 6b82a301265f45cfcfe87352ff6b6bcf467e7382
      relative: ./deploy.sh
    - name: encrypt.sh
      size: 4166
      extension: .sh
      type: file
      hash: 5cf0ce1d87d83573a2dd7d2a03cbdacf3731f166
      relative: ./encrypt.sh
    - name: gigdemo-api-deployment.yaml
      size: 610
      extension: .yaml
      type: file
      hash: 8e3ea7b3bfa8535f805ba0a443e04f28e28bf635
      relative: ./gigdemo-api-deployment.yaml
    - name: gigdemo-api-service.yaml
      size: 276
      extension: .yaml
      type: file
      hash: 5665299632b3f788f593c47dae9c7332acff6bd9
      relative: ./gigdemo-api-service.yaml
    - name: gigdemo-dev
      children:
        - name: .env.api.encrypted.json
          size: 147
          extension: .json
          type: file
          hash: c730b54b9e45ec5088c6a00c9d4d5dab05b6caea
          relative: ./gigdemo-dev/.env.api.encrypted.json
        - name: gigdemo-api-ingress.yaml
          size: 586
          extension: .yaml
          type: file
          hash: fb85991a715705dd2882981a78b4dcabf9dd2de8
          relative: ./gigdemo-dev/gigdemo-api-ingress.yaml
        - name: keys
          children: []
          size: 0
          type: directory
      size: 733
      type: directory
    - name: gigdemo-uat
      children:
        - name: .env.api.encrypted.json
          size: 147
          extension: .json
          type: file
          hash: c730b54b9e45ec5088c6a00c9d4d5dab05b6caea
          relative: ./gigdemo-uat/.env.api.encrypted.json
        - name: gigdemo-api-ingress.yaml
          size: 586
          extension: .yaml
          type: file
          hash: 8353b4b1b221dcd03bc1545051f4ebb9c774d69b
          relative: ./gigdemo-uat/gigdemo-api-ingress.yaml
        - name: keys
          children: []
          size: 0
          type: directory
      size: 733
      type: directory
    - name: kubetail.sh
      size: 9593
      extension: .sh
      type: file
      hash: 34df1fcf4593db65ca6b9c8e5bd451938e672f18
      relative: ./kubetail.sh
    - name: logs.sh
      size: 757
      extension: .sh
      type: file
      hash: 82588f9ae96f5e6e5f972b77c5aa7d0ac5bb1e2e
      relative: ./logs.sh
    - name: reveal.sh
      size: 2358
      extension: .sh
      type: file
      hash: 12dee21c3ec8c1c5831e82cadbb6401bf02e722f
      relative: ./reveal.sh
  size: 31645
  type: directory
